// !$*UTF8*$!
{
	archiveVersion = 1;
	classes = {
	};
	objectVersion = 50;
	objects = {

/* Begin PBXBuildFile section */
		42F55E216DC6AF2AFB60810B /* Pods_Saga_Plus.framework in Frameworks */ = {isa = PBXBuildFile; fileRef = 53508090374497D0870C5CCE /* Pods_Saga_Plus.framework */; };
		92562B1525A287E10020C957 /* AppDelegate.swift in Sources */ = {isa = PBXBuildFile; fileRef = 92562B1425A287E10020C957 /* AppDelegate.swift */; };
		92562B1725A287E10020C957 /* SceneDelegate.swift in Sources */ = {isa = PBXBuildFile; fileRef = 92562B1625A287E10020C957 /* SceneDelegate.swift */; };
		92562B1925A287E10020C957 /* ViewController.swift in Sources */ = {isa = PBXBuildFile; fileRef = 92562B1825A287E10020C957 /* ViewController.swift */; };
		92562B1C25A287E10020C957 /* Main.storyboard in Resources */ = {isa = PBXBuildFile; fileRef = 92562B1A25A287E10020C957 /* Main.storyboard */; };
		92562B1E25A287E30020C957 /* Assets.xcassets in Resources */ = {isa = PBXBuildFile; fileRef = 92562B1D25A287E30020C957 /* Assets.xcassets */; };
		92562B2125A287E30020C957 /* LaunchScreen.storyboard in Resources */ = {isa = PBXBuildFile; fileRef = 92562B1F25A287E30020C957 /* LaunchScreen.storyboard */; };
/* End PBXBuildFile section */

/* Begin PBXFileReference section */
		53508090374497D0870C5CCE /* Pods_Saga_Plus.framework */ = {isa = PBXFileReference; explicitFileType = wrapper.framework; includeInIndex = 0; path = Pods_Saga_Plus.framework; sourceTree = BUILT_PRODUCTS_DIR; };
		673FE24A97014EF12D78F85D /* Pods-Saga Plus.release.xcconfig */ = {isa = PBXFileReference; includeInIndex = 1; lastKnownFileType = text.xcconfig; name = "Pods-Saga Plus.release.xcconfig"; path = "Target Support Files/Pods-Saga Plus/Pods-Saga Plus.release.xcconfig"; sourceTree = "<group>"; };
		92562B1125A287E10020C957 /* Saga Plus.app */ = {isa = PBXFileReference; explicitFileType = wrapper.application; includeInIndex = 0; path = "Saga Plus.app"; sourceTree = BUILT_PRODUCTS_DIR; };
		92562B1425A287E10020C957 /* AppDelegate.swift */ = {isa = PBXFileReference; lastKnownFileType = sourcecode.swift; path = AppDelegate.swift; sourceTree = "<group>"; };
		92562B1625A287E10020C957 /* SceneDelegate.swift */ = {isa = PBXFileReference; lastKnownFileType = sourcecode.swift; path = SceneDelegate.swift; sourceTree = "<group>"; };
		92562B1825A287E10020C957 /* ViewController.swift */ = {isa = PBXFileReference; lastKnownFileType = sourcecode.swift; path = ViewController.swift; sourceTree = "<group>"; };
		92562B1B25A287E10020C957 /* Base */ = {isa = PBXFileReference; lastKnownFileType = file.storyboard; name = Base; path = Base.lproj/Main.storyboard; sourceTree = "<group>"; };
		92562B1D25A287E30020C957 /* Assets.xcassets */ = {isa = PBXFileReference; lastKnownFileType = folder.assetcatalog; path = Assets.xcassets; sourceTree = "<group>"; };
		92562B2025A287E30020C957 /* Base */ = {isa = PBXFileReference; lastKnownFileType = file.storyboard; name = Base; path = Base.lproj/LaunchScreen.storyboard; sourceTree = "<group>"; };
		92562B2225A287E30020C957 /* Info.plist */ = {isa = PBXFileReference; lastKnownFileType = text.plist.xml; path = Info.plist; sourceTree = "<group>"; };
		BDD160D2AEDFC51C67C9E3BC /* Pods-Saga Plus.debug.xcconfig */ = {isa = PBXFileReference; includeInIndex = 1; lastKnownFileType = text.xcconfig; name = "Pods-Saga Plus.debug.xcconfig"; path = "Target Support Files/Pods-Saga Plus/Pods-Saga Plus.debug.xcconfig"; sourceTree = "<group>"; };
/* End PBXFileReference section */

/* Begin PBXFrameworksBuildPhase section */
		92562B0E25A287E10020C957 /* Frameworks */ = {
			isa = PBXFrameworksBuildPhase;
			buildActionMask = 2147483647;
			files = (
				42F55E216DC6AF2AFB60810B /* Pods_Saga_Plus.framework in Frameworks */,
			);
			runOnlyForDeploymentPostprocessing = 0;
		};
/* End PBXFrameworksBuildPhase section */

/* Begin PBXGroup section */
		51EDF581F6E314C50B0ACAB2 /* Pods */ = {
			isa = PBXGroup;
			children = (
				BDD160D2AEDFC51C67C9E3BC /* Pods-Saga Plus.debug.xcconfig */,
				673FE24A97014EF12D78F85D /* Pods-Saga Plus.release.xcconfig */,
			);
			name = Pods;
			path = Pods;
			sourceTree = "<group>";
		};
		92562B0825A287E10020C957 = {
			isa = PBXGroup;
			children = (
				92562B1325A287E10020C957 /* Saga Plus */,
				92562B1225A287E10020C957 /* Products */,
				51EDF581F6E314C50B0ACAB2 /* Pods */,
				959B84793C1D456F99E31394 /* Frameworks */,
			);
			sourceTree = "<group>";
		};
		92562B1225A287E10020C957 /* Products */ = {
			isa = PBXGroup;
			children = (
				92562B1125A287E10020C957 /* Saga Plus.app */,
			);
			name = Products;
			sourceTree = "<group>";
		};
		92562B1325A287E10020C957 /* Saga Plus */ = {
			isa = PBXGroup;
			children = (
				92562B1425A287E10020C957 /* AppDelegate.swift */,
				92562B1625A287E10020C957 /* SceneDelegate.swift */,
				92562B1825A287E10020C957 /* ViewController.swift */,
				92562B1A25A287E10020C957 /* Main.storyboard */,
				92562B1D25A287E30020C957 /* Assets.xcassets */,
				92562B1F25A287E30020C957 /* LaunchScreen.storyboard */,
				92562B2225A287E30020C957 /* Info.plist */,
			);
			path = "Saga Plus";
			sourceTree = "<group>";
		};
		959B84793C1D456F99E31394 /* Frameworks */ = {
			isa = PBXGroup;
			children = (
				53508090374497D0870C5CCE /* Pods_Saga_Plus.framework */,
			);
			name = Frameworks;
			sourceTree = "<group>";
		};
/* End PBXGroup section */

/* Begin PBXNativeTarget section */
		92562B1025A287E10020C957 /* Saga Plus */ = {
			isa = PBXNativeTarget;
			buildConfigurationList = 92562B2525A287E30020C957 /* Build configuration list for PBXNativeTarget "Saga Plus" */;
			buildPhases = (
				6F0FD3546A16E61AD4694BE2 /* [CP] Check Pods Manifest.lock */,
				92562B0D25A287E10020C957 /* Sources */,
				92562B0E25A287E10020C957 /* Frameworks */,
				92562B0F25A287E10020C957 /* Resources */,
			);
			buildRules = (
			);
			dependencies = (
			);
			name = "Saga Plus";
			productName = "Saga Plus";
			productReference = 92562B1125A287E10020C957 /* Saga Plus.app */;
			productType = "com.apple.product-type.application";
		};
/* End PBXNativeTarget section */

/* Begin PBXProject section */
		92562B0925A287E10020C957 /* Project object */ = {
			isa = PBXProject;
			attributes = {
				LastSwiftUpdateCheck = 1230;
				LastUpgradeCheck = 1230;
				TargetAttributes = {
					92562B1025A287E10020C957 = {
						CreatedOnToolsVersion = 12.3;
					};
				};
			};
			buildConfigurationList = 92562B0C25A287E10020C957 /* Build configuration list for PBXProject "Saga Plus" */;
			compatibilityVersion = "Xcode 9.3";
			developmentRegion = en;
			hasScannedForEncodings = 0;
			knownRegions = (
				en,
				Base,
			);
			mainGroup = 92562B0825A287E10020C957;
			productRefGroup = 92562B1225A287E10020C957 /* Products */;
			projectDirPath = "";
			projectRoot = "";
			targets = (
				92562B1025A287E10020C957 /* Saga Plus */,
			);
		};
/* End PBXProject section */

/* Begin PBXResourcesBuildPhase section */
		92562B0F25A287E10020C957 /* Resources */ = {
			isa = PBXResourcesBuildPhase;
			buildActionMask = 2147483647;
			files = (
				92562B2125A287E30020C957 /* LaunchScreen.storyboard in Resources */,
				92562B1E25A287E30020C957 /* Assets.xcassets in Resources */,
				92562B1C25A287E10020C957 /* Main.storyboard in Resources */,
			);
			runOnlyForDeploymentPostprocessing = 0;
		};
/* End PBXResourcesBuildPhase section */

/* Begin PBXShellScriptBuildPhase section */
		6F0FD3546A16E61AD4694BE2 /* [CP] Check Pods Manifest.lock */ = {
			isa = PBXShellScriptBuildPhase;
			buildActionMask = 2147483647;
			files = (
			);
			inputFileListPaths = (
			);
			inputPaths = (
				"${PODS_PODFILE_DIR_PATH}/Podfile.lock",
				"${PODS_ROOT}/Manifest.lock",
			);
			name = "[CP] Check Pods Manifest.lock";
			outputFileListPaths = (
			);
			outputPaths = (
				"$(DERIVED_FILE_DIR)/Pods-Saga Plus-checkManifestLockResult.txt",
			);
			runOnlyForDeploymentPostprocessing = 0;
			shellPath = /bin/sh;
			shellScript = "diff \"${PODS_PODFILE_DIR_PATH}/Podfile.lock\" \"${PODS_ROOT}/Manifest.lock\" > /dev/null\nif [ $? != 0 ] ; then\n    # print error to STDERR\n    echo \"error: The sandbox is not in sync with the Podfile.lock. Run 'pod install' or update your CocoaPods installation.\" >&2\n    exit 1\nfi\n# This output is used by Xcode 'outputs' to avoid re-running this script phase.\necho \"SUCCESS\" > \"${SCRIPT_OUTPUT_FILE_0}\"\n";
			showEnvVarsInLog = 0;
		};
/* End PBXShellScriptBuildPhase section */

/* Begin PBXSourcesBuildPhase section */
		92562B0D25A287E10020C957 /* Sources */ = {
			isa = PBXSourcesBuildPhase;
			buildActionMask = 2147483647;
			files = (
				92562B1925A287E10020C957 /* ViewController.swift in Sources */,
				92562B1525A287E10020C957 /* AppDelegate.swift in Sources */,
				92562B1725A287E10020C957 /* SceneDelegate.swift in Sources */,
			);
			runOnlyForDeploymentPostprocessing = 0;
		};
/* End PBXSourcesBuildPhase section */

/* Begin PBXVariantGroup section */
		92562B1A25A287E10020C957 /* Main.storyboard */ = {
			isa = PBXVariantGroup;
			children = (
				92562B1B25A287E10020C957 /* Base */,
			);
			name = Main.storyboard;
			sourceTree = "<group>";
		};
		92562B1F25A287E30020C957 /* LaunchScreen.storyboard */ = {
			isa = PBXVariantGroup;
			children = (
				92562B2025A287E30020C957 /* Base */,
			);
			name = LaunchScreen.storyboard;
			sourceTree = "<group>";
		};
/* End PBXVariantGroup section */

/* Begin XCBuildConfiguration section */
		92562B2325A287E30020C957 /* Debug */ = {
			isa = XCBuildConfiguration;
			buildSettings = {
				ALWAYS_SEARCH_USER_PATHS = NO;
				CLANG_ANALYZER_NONNULL = YES;
				CLANG_ANALYZER_NUMBER_OBJECT_CONVERSION = YES_AGGRESSIVE;
				CLANG_CXX_LANGUAGE_STANDARD = "gnu++14";
				CLANG_CXX_LIBRARY = "libc++";
				CLANG_ENABLE_MODULES = YES;
				CLANG_ENABLE_OBJC_ARC = YES;
				CLANG_ENABLE_OBJC_WEAK = YES;
				CLANG_WARN_BLOCK_CAPTURE_AUTORELEASING = YES;
				CLANG_WARN_BOOL_CONVERSION = YES;
				CLANG_WARN_COMMA = YES;
				CLANG_WARN_CONSTANT_CONVERSION = YES;
				CLANG_WARN_DEPRECATED_OBJC_IMPLEMENTATIONS = YES;
				CLANG_WARN_DIRECT_OBJC_ISA_USAGE = YES_ERROR;
				CLANG_WARN_DOCUMENTATION_COMMENTS = YES;
				CLANG_WARN_EMPTY_BODY = YES;
				CLANG_WARN_ENUM_CONVERSION = YES;
				CLANG_WARN_INFINITE_RECURSION = YES;
				CLANG_WARN_INT_CONVERSION = YES;
				CLANG_WARN_NON_LITERAL_NULL_CONVERSION = YES;
				CLANG_WARN_OBJC_IMPLICIT_RETAIN_SELF = YES;
				CLANG_WARN_OBJC_LITERAL_CONVERSION = YES;
				CLANG_WARN_OBJC_ROOT_CLASS = YES_ERROR;
				CLANG_WARN_QUOTED_INCLUDE_IN_FRAMEWORK_HEADER = YES;
				CLANG_WARN_RANGE_LOOP_ANALYSIS = YES;
				CLANG_WARN_STRICT_PROTOTYPES = YES;
				CLANG_WARN_SUSPICIOUS_MOVE = YES;
				CLANG_WARN_UNGUARDED_AVAILABILITY = YES_AGGRESSIVE;
				CLANG_WARN_UNREACHABLE_CODE = YES;
				CLANG_WARN__DUPLICATE_METHOD_MATCH = YES;
				COPY_PHASE_STRIP = NO;
				DEBUG_INFORMATION_FORMAT = dwarf;
				ENABLE_STRICT_OBJC_MSGSEND = YES;
				ENABLE_TESTABILITY = YES;
				GCC_C_LANGUAGE_STANDARD = gnu11;
				GCC_DYNAMIC_NO_PIC = NO;
				GCC_NO_COMMON_BLOCKS = YES;
				GCC_OPTIMIZATION_LEVEL = 0;
				GCC_PREPROCESSOR_DEFINITIONS = (
					"DEBUG=1",
					"$(inherited)",
				);
				GCC_WARN_64_TO_32_BIT_CONVERSION = YES;
				GCC_WARN_ABOUT_RETURN_TYPE = YES_ERROR;
				GCC_WARN_UNDECLARED_SELECTOR = YES;
				GCC_WARN_UNINITIALIZED_AUTOS = YES_AGGRESSIVE;
				GCC_WARN_UNUSED_FUNCTION = YES;
				GCC_WARN_UNUSED_VARIABLE = YES;
				IPHONEOS_DEPLOYMENT_TARGET = 14.3;
				MTL_ENABLE_DEBUG_INFO = INCLUDE_SOURCE;
				MTL_FAST_MATH = YES;
				ONLY_ACTIVE_ARCH = YES;
				SDKROOT = iphoneos;
				SWIFT_ACTIVE_COMPILATION_CONDITIONS = DEBUG;
				SWIFT_OPTIMIZATION_LEVEL = "-Onone";
			};
			name = Debug;
		};
		92562B2425A287E30020C957 /* Release */ = {
			isa = XCBuildConfiguration;
			buildSettings = {
				ALWAYS_SEARCH_USER_PATHS = NO;
				CLANG_ANALYZER_NONNULL = YES;
				CLANG_ANALYZER_NUMBER_OBJECT_CONVERSION = YES_AGGRESSIVE;
				CLANG_CXX_LANGUAGE_STANDARD = "gnu++14";
				CLANG_CXX_LIBRARY = "libc++";
				CLANG_ENABLE_MODULES = YES;
				CLANG_ENABLE_OBJC_ARC = YES;
				CLANG_ENABLE_OBJC_WEAK = YES;
				CLANG_WARN_BLOCK_CAPTURE_AUTORELEASING = YES;
				CLANG_WARN_BOOL_CONVERSION = YES;
				CLANG_WARN_COMMA = YES;
				CLANG_WARN_CONSTANT_CONVERSION = YES;
				CLANG_WARN_DEPRECATED_OBJC_IMPLEMENTATIONS = YES;
				CLANG_WARN_DIRECT_OBJC_ISA_USAGE = YES_ERROR;
				CLANG_WARN_DOCUMENTATION_COMMENTS = YES;
				CLANG_WARN_EMPTY_BODY = YES;
				CLANG_WARN_ENUM_CONVERSION = YES;
				CLANG_WARN_INFINITE_RECURSION = YES;
				CLANG_WARN_INT_CONVERSION = YES;
				CLANG_WARN_NON_LITERAL_NULL_CONVERSION = YES;
				CLANG_WARN_OBJC_IMPLICIT_RETAIN_SELF = YES;
				CLANG_WARN_OBJC_LITERAL_CONVERSION = YES;
				CLANG_WARN_OBJC_ROOT_CLASS = YES_ERROR;
				CLANG_WARN_QUOTED_INCLUDE_IN_FRAMEWORK_HEADER = YES;
				CLANG_WARN_RANGE_LOOP_ANALYSIS = YES;
				CLANG_WARN_STRICT_PROTOTYPES = YES;
				CLANG_WARN_SUSPICIOUS_MOVE = YES;
				CLANG_WARN_UNGUARDED_AVAILABILITY = YES_AGGRESSIVE;
				CLANG_WARN_UNREACHABLE_CODE = YES;
				CLANG_WARN__DUPLICATE_METHOD_MATCH = YES;
				COPY_PHASE_STRIP = NO;
				DEBUG_INFORMATION_FORMAT = "dwarf-with-dsym";
				ENABLE_NS_ASSERTIONS = NO;
				ENABLE_STRICT_OBJC_MSGSEND = YES;
				GCC_C_LANGUAGE_STANDARD = gnu11;
				GCC_NO_COMMON_BLOCKS = YES;
				GCC_WARN_64_TO_32_BIT_CONVERSION = YES;
				GCC_WARN_ABOUT_RETURN_TYPE = YES_ERROR;
				GCC_WARN_UNDECLARED_SELECTOR = YES;
				GCC_WARN_UNINITIALIZED_AUTOS = YES_AGGRESSIVE;
				GCC_WARN_UNUSED_FUNCTION = YES;
				GCC_WARN_UNUSED_VARIABLE = YES;
				IPHONEOS_DEPLOYMENT_TARGET = 14.3;
				MTL_ENABLE_DEBUG_INFO = NO;
				MTL_FAST_MATH = YES;
				SDKROOT = iphoneos;
				SWIFT_COMPILATION_MODE = wholemodule;
				SWIFT_OPTIMIZATION_LEVEL = "-O";
				VALIDATE_PRODUCT = YES;
			};
			name = Release;
		};
		92562B2625A287E30020C957 /* Debug */ = {
			isa = XCBuildConfiguration;
			baseConfigurationReference = BDD160D2AEDFC51C67C9E3BC /* Pods-Saga Plus.debug.xcconfig */;
			buildSettings = {
				ASSETCATALOG_COMPILER_APPICON_NAME = AppIcon;
				ASSETCATALOG_COMPILER_GLOBAL_ACCENT_COLOR_NAME = AccentColor;
				CODE_SIGN_STYLE = Automatic;
				INFOPLIST_FILE = "Saga Plus/Info.plist";
				LD_RUNPATH_SEARCH_PATHS = (
					"$(inherited)",
					"@executable_path/Frameworks",
				);
				PRODUCT_BUNDLE_IDENTIFIER = "Gokul.Saga-Plus";
				PRODUCT_NAME = "$(TARGET_NAME)";
				SWIFT_VERSION = 5.0;
				TARGETED_DEVICE_FAMILY = "1,2";
			};
			name = Debug;
		};
		92562B2725A287E30020C957 /* Release */ = {
			isa = XCBuildConfiguration;
			baseConfigurationReference = 673FE24A97014EF12D78F85D /* Pods-Saga Plus.release.xcconfig */;
			buildSettings = {
				ASSETCATALOG_COMPILER_APPICON_NAME = AppIcon;
				ASSETCATALOG_COMPILER_GLOBAL_ACCENT_COLOR_NAME = AccentColor;
				CODE_SIGN_STYLE = Automatic;
				INFOPLIST_FILE = "Saga Plus/Info.plist";
				LD_RUNPATH_SEARCH_PATHS = (
					"$(inherited)",
					"@executable_path/Frameworks",
				);
				PRODUCT_BUNDLE_IDENTIFIER = "Gokul.Saga-Plus";
				PRODUCT_NAME = "$(TARGET_NAME)";
				SWIFT_VERSION = 5.0;
				TARGETED_DEVICE_FAMILY = "1,2";
			};
			name = Release;
		};
/* End XCBuildConfiguration section */

/* Begin XCConfigurationList section */
		92562B0C25A287E10020C957 /* Build configuration list for PBXProject "Saga Plus" */ = {
			isa = XCConfigurationList;
			buildConfigurations = (
				92562B2325A287E30020C957 /* Debug */,
				92562B2425A287E30020C957 /* Release */,
			);
			defaultConfigurationIsVisible = 0;
			defaultConfigurationName = Release;
		};
		92562B2525A287E30020C957 /* Build configuration list for PBXNativeTarget "Saga Plus" */ = {
			isa = XCConfigurationList;
			buildConfigurations = (
				92562B2625A287E30020C957 /* Debug */,
				92562B2725A287E30020C957 /* Release */,
			);
			defaultConfigurationIsVisible = 0;
			defaultConfigurationName = Release;
		};
/* End XCConfigurationList section */
	};
	rootObject = 92562B0925A287E10020C957 /* Project object */;
}
